
Microsoft Visual Studio Solution File, Format Version 12.00
Project("{FAE04EC0-301F-11D3-BF4B-00C04F79EFBC}") = "Resourcer", "Resourcer\Resourcer.csproj", "{6EB79F44-A3D8-4CC2-9D92-49170FC431E0}"
EndProject
Project("{FAE04EC0-301F-11D3-BF4B-00C04F79EFBC}") = "Resourcer.Test", "Resourcer.Test\Resourcer.Test.csproj", "{EB477D6B-F38D-4C95-A5B5-77E097C66F7E}"
EndProject
Global
	GlobalSection(SolutionConfigurationPlatforms) = preSolution
		Debug|Any CPU = Debug|Any CPU
		Release|Any CPU = Release|Any CPU
	EndGlobalSection
	GlobalSection(ProjectConfigurationPlatforms) = postSolution
		{6EB79F44-A3D8-4CC2-9D92-49170FC431E0}.Debug|Any CPU.ActiveCfg = Debug|Any CPU
		{6EB79F44-A3D8-4CC2-9D92-49170FC431E0}.Debug|Any CPU.Build.0 = Debug|Any CPU
		{6EB79F44-A3D8-4CC2-9D92-49170FC431E0}.Release|Any CPU.ActiveCfg = Release|Any CPU
		{6EB79F44-A3D8-4CC2-9D92-49170FC431E0}.Release|Any CPU.Build.0 = Release|Any CPU
		{EB477D6B-F38D-4C95-A5B5-77E097C66F7E}.Debug|Any CPU.ActiveCfg = Debug|Any CPU
		{EB477D6B-F38D-4C95-A5B5-77E097C66F7E}.Debug|Any CPU.Build.0 = Debug|Any CPU
		{EB477D6B-F38D-4C95-A5B5-77E097C66F7E}.Release|Any CPU.ActiveCfg = Release|Any CPU
		{EB477D6B-F38D-4C95-A5B5-77E097C66F7E}.Release|Any CPU.Build.0 = Release|Any CPU
	EndGlobalSection
EndGlobal
